
Microsoft Visual Studio Solution File, Format Version 12.00
# Visual Studio 15
VisualStudioVersion = 15.0.26730.12
MinimumVisualStudioVersion = 10.0.40219.1
Project("{9A19103F-16F7-4668-BE54-9A1E7A4F7556}") = "NameValueType", "NameValueType\NameValueType.csproj", "{4913488F-1C06-42FC-B64F-B953EA3E083F}"
EndProject
Project("{9A19103F-16F7-4668-BE54-9A1E7A4F7556}") = "NameValueType.Tests.Core", "NameValueType.Tests.Core\NameValueType.Tests.Core.csproj", "{3E04B5BC-D7B3-4995-A1DC-B6CB16B61DEF}"
EndProject
Project("{FAE04EC0-301F-11D3-BF4B-00C04F79EFBC}") = "NameValueType.Core", "NameValueType.Core\NameValueType.Core.csproj", "{EAE85696-67DF-40B9-989D-78B742F0238B}"
EndProject
Global
	GlobalSection(SolutionConfigurationPlatforms) = preSolution
		Debug|Any CPU = Debug|Any CPU
		Release|Any CPU = Release|Any CPU
	EndGlobalSection
	GlobalSection(ProjectConfigurationPlatforms) = postSolution
		{4913488F-1C06-42FC-B64F-B953EA3E083F}.Debug|Any CPU.ActiveCfg = Debug|Any CPU
		{4913488F-1C06-42FC-B64F-B953EA3E083F}.Debug|Any CPU.Build.0 = Debug|Any CPU
		{4913488F-1C06-42FC-B64F-B953EA3E083F}.Release|Any CPU.ActiveCfg = Release|Any CPU
		{4913488F-1C06-42FC-B64F-B953EA3E083F}.Release|Any CPU.Build.0 = Release|Any CPU
		{3E04B5BC-D7B3-4995-A1DC-B6CB16B61DEF}.Debug|Any CPU.ActiveCfg = Debug|Any CPU
		{3E04B5BC-D7B3-4995-A1DC-B6CB16B61DEF}.Debug|Any CPU.Build.0 = Debug|Any CPU
		{3E04B5BC-D7B3-4995-A1DC-B6CB16B61DEF}.Release|Any CPU.ActiveCfg = Release|Any CPU
		{3E04B5BC-D7B3-4995-A1DC-B6CB16B61DEF}.Release|Any CPU.Build.0 = Release|Any CPU
		{EAE85696-67DF-40B9-989D-78B742F0238B}.Debug|Any CPU.ActiveCfg = Debug|Any CPU
		{EAE85696-67DF-40B9-989D-78B742F0238B}.Debug|Any CPU.Build.0 = Debug|Any CPU
		{EAE85696-67DF-40B9-989D-78B742F0238B}.Release|Any CPU.ActiveCfg = Release|Any CPU
		{EAE85696-67DF-40B9-989D-78B742F0238B}.Release|Any CPU.Build.0 = Release|Any CPU
	EndGlobalSection
	GlobalSection(SolutionProperties) = preSolution
		HideSolutionNode = FALSE
	EndGlobalSection
	GlobalSection(ExtensibilityGlobals) = postSolution
		SolutionGuid = {48AB40FE-1DB2-42D4-9FA8-31623553B42C}
	EndGlobalSection
EndGlobal
